# @generated by Move, please check-in and do not edit manually.

[move]
version = 3
manifest_digest = "E18177983BCB71EC219F3E1B96AE9084C3202EC1B5941D015C199BA0940A3238"
deps_digest = "F9B494B64F0615AED0E98FC12A85B85ECD2BC5185C22D30E7F67786BB52E507C"
dependencies = [
  { id = "Iota", name = "Iota" },
  { id = "IotaSystem", name = "IotaSystem" },
  { id = "MoveStdlib", name = "MoveStdlib" },
  { id = "Stardust", name = "Stardust" },
]

[[move.package]]
id = "Iota"
source = { git = "https://github.com/iotaledger/iota.git", rev = "4698c6723208e052a00c74602d2c8dc0efffe5de", subdir = "crates/iota-framework/packages/iota-framework" }

dependencies = [
  { id = "MoveStdlib", name = "MoveStdlib" },
]

[[move.package]]
id = "IotaSystem"
source = { git = "https://github.com/iotaledger/iota.git", rev = "4698c6723208e052a00c74602d2c8dc0efffe5de", subdir = "crates/iota-framework/packages/iota-system" }

dependencies = [
  { id = "Iota", name = "Iota" },
  { id = "MoveStdlib", name = "MoveStdlib" },
]

[[move.package]]
id = "MoveStdlib"
source = { git = "https://github.com/iotaledger/iota.git", rev = "4698c6723208e052a00c74602d2c8dc0efffe5de", subdir = "crates/iota-framework/packages/move-stdlib" }

[[move.package]]
id = "Stardust"
source = { git = "https://github.com/iotaledger/iota.git", rev = "4698c6723208e052a00c74602d2c8dc0efffe5de", subdir = "crates/iota-framework/packages/stardust" }

dependencies = [
  { id = "Iota", name = "Iota" },
  { id = "MoveStdlib", name = "MoveStdlib" },
]

[move.toolchain-version]
compiler-version = "1.13.1-rc"
edition = "2024"
flavor = "iota"

[env]

[env.testnet]
chain-id = "2304aa97"
original-published-id = "0xc00e31b0d06c4774e4149b48153a327601c20d985fd5ab2529cc3fdb76bcef20"
latest-published-id = "0xc00e31b0d06c4774e4149b48153a327601c20d985fd5ab2529cc3fdb76bcef20"
published-version = "1"
